{
  "nodes": {
    "nixpkgs": {
      "locked": {
        "lastModified": 1665259268,
        "narHash": "sha256-ONFhHBLv5nZKhwV/F2GOH16197PbvpyWhoO0AOyktkU=",
        "path": "/nix/store/ggmpxvkxg5s63r87075zjvlhyq03qdaa-source",
        "rev": "c5924154f000e6306030300592f4282949b2db6c",
        "type": "path"
      },
      "original": {
        "id": "nixpkgs",
        "type": "indirect"
      }
    },
    "root": {
      "inputs": {
        "nixpkgs": "nixpkgs"
      }
    }
  },
  "root": "root",
  "version": 7
}
